{
  "name": "fantasy",
  "version": "1.0.0",
  "lockfileVersion": 1,
  "requires": true,
  "dependencies": {
    "genetic-js": {
      "version": "0.1.14",
      "resolved": "https://registry.npmjs.org/genetic-js/-/genetic-js-0.1.14.tgz",
      "integrity": "sha1-8qiEyAfn6uqg7bj1rIj98I9IaOE="
    },
    "js-combinatorics": {
      "version": "0.5.3",
      "resolved": "https://registry.npmjs.org/js-combinatorics/-/js-combinatorics-0.5.3.tgz",
      "integrity": "sha512-egCSKDP7vcTlwSyIVuipmGc4Btxpb8ftQ+dhRMgQHJ9JwifXS/yBeTokLADjoJmip4T20yEMJK4YT/DNkOTUtQ=="
    }
  }
}
